
Microsoft Visual Studio Solution File, Format Version 12.00
# Visual Studio Version 16
VisualStudioVersion = 16.0.31515.178
MinimumVisualStudioVersion = 10.0.40219.1
Project("{FAE04EC0-301F-11D3-BF4B-00C04F79EFBC}") = "dateTime", "dateTime\dateTime.csproj", "{4FEDA399-F82E-4548-AC9E-5ABFD43CE937}"
EndProject
Global
	GlobalSection(SolutionConfigurationPlatforms) = preSolution
		Debug|Any CPU = Debug|Any CPU
		Release|Any CPU = Release|Any CPU
	EndGlobalSection
	GlobalSection(ProjectConfigurationPlatforms) = postSolution
		{4FEDA399-F82E-4548-AC9E-5ABFD43CE937}.Debug|Any CPU.ActiveCfg = Debug|Any CPU
		{4FEDA399-F82E-4548-AC9E-5ABFD43CE937}.Debug|Any CPU.Build.0 = Debug|Any CPU
		{4FEDA399-F82E-4548-AC9E-5ABFD43CE937}.Release|Any CPU.ActiveCfg = Release|Any CPU
		{4FEDA399-F82E-4548-AC9E-5ABFD43CE937}.Release|Any CPU.Build.0 = Release|Any CPU
	EndGlobalSection
	GlobalSection(SolutionProperties) = preSolution
		HideSolutionNode = FALSE
	EndGlobalSection
	GlobalSection(ExtensibilityGlobals) = postSolution
		SolutionGuid = {2D2C7502-4B79-4419-A5DB-BA78B9B9F77E}
	EndGlobalSection
EndGlobal
